
Microsoft Visual Studio Solution File, Format Version 12.00
# Visual Studio 15
VisualStudioVersion = 15.0.27130.2027
MinimumVisualStudioVersion = 10.0.40219.1
Project("{8BC9CEB8-8B4A-11D0-8D11-00A0C91BC942}") = "Exercício 2.2, a", "Exercício 2.2, a\Exercício 2.2, a.vcxproj", "{58BA0933-964F-475F-80B9-5D4AC0D52C17}"
EndProject
Global
	GlobalSection(SolutionConfigurationPlatforms) = preSolution
		Debug|x64 = Debug|x64
		Debug|x86 = Debug|x86
		Release|x64 = Release|x64
		Release|x86 = Release|x86
	EndGlobalSection
	GlobalSection(ProjectConfigurationPlatforms) = postSolution
		{58BA0933-964F-475F-80B9-5D4AC0D52C17}.Debug|x64.ActiveCfg = Debug|x64
		{58BA0933-964F-475F-80B9-5D4AC0D52C17}.Debug|x64.Build.0 = Debug|x64
		{58BA0933-964F-475F-80B9-5D4AC0D52C17}.Debug|x86.ActiveCfg = Debug|Win32
		{58BA0933-964F-475F-80B9-5D4AC0D52C17}.Debug|x86.Build.0 = Debug|Win32
		{58BA0933-964F-475F-80B9-5D4AC0D52C17}.Release|x64.ActiveCfg = Release|x64
		{58BA0933-964F-475F-80B9-5D4AC0D52C17}.Release|x64.Build.0 = Release|x64
		{58BA0933-964F-475F-80B9-5D4AC0D52C17}.Release|x86.ActiveCfg = Release|Win32
		{58BA0933-964F-475F-80B9-5D4AC0D52C17}.Release|x86.Build.0 = Release|Win32
	EndGlobalSection
	GlobalSection(SolutionProperties) = preSolution
		HideSolutionNode = FALSE
	EndGlobalSection
	GlobalSection(ExtensibilityGlobals) = postSolution
		SolutionGuid = {7C8F6FD0-B034-4B75-B183-E9D943818FED}
	EndGlobalSection
EndGlobal
